
Microsoft Visual Studio Solution File, Format Version 12.00
# Visual Studio Version 17
VisualStudioVersion = 17.5.33424.131
MinimumVisualStudioVersion = 10.0.40219.1
Project("{9A19103F-16F7-4668-BE54-9A1E7A4F7556}") = "WebApi", "WebApi\WebApi.csproj", "{F99BA6F1-B635-4BB9-AFDC-D369B8DCC234}"
EndProject
Project("{FAE04EC0-301F-11D3-BF4B-00C04F79EFBC}") = "Entities", "Entities\Entities.csproj", "{1D218208-22C7-4F6C-B2F1-13A3B5242B57}"
EndProject
Project("{FAE04EC0-301F-11D3-BF4B-00C04F79EFBC}") = "Repositories", "Repositories\Repositories.csproj", "{C7579A48-7F00-492E-AAE3-FA6469DEA7E7}"
EndProject
Global
	GlobalSection(SolutionConfigurationPlatforms) = preSolution
		Debug|Any CPU = Debug|Any CPU
		Release|Any CPU = Release|Any CPU
	EndGlobalSection
	GlobalSection(ProjectConfigurationPlatforms) = postSolution
		{F99BA6F1-B635-4BB9-AFDC-D369B8DCC234}.Debug|Any CPU.ActiveCfg = Debug|Any CPU
		{F99BA6F1-B635-4BB9-AFDC-D369B8DCC234}.Debug|Any CPU.Build.0 = Debug|Any CPU
		{F99BA6F1-B635-4BB9-AFDC-D369B8DCC234}.Release|Any CPU.ActiveCfg = Release|Any CPU
		{F99BA6F1-B635-4BB9-AFDC-D369B8DCC234}.Release|Any CPU.Build.0 = Release|Any CPU
		{1D218208-22C7-4F6C-B2F1-13A3B5242B57}.Debug|Any CPU.ActiveCfg = Debug|Any CPU
		{1D218208-22C7-4F6C-B2F1-13A3B5242B57}.Debug|Any CPU.Build.0 = Debug|Any CPU
		{1D218208-22C7-4F6C-B2F1-13A3B5242B57}.Release|Any CPU.ActiveCfg = Release|Any CPU
		{1D218208-22C7-4F6C-B2F1-13A3B5242B57}.Release|Any CPU.Build.0 = Release|Any CPU
		{C7579A48-7F00-492E-AAE3-FA6469DEA7E7}.Debug|Any CPU.ActiveCfg = Debug|Any CPU
		{C7579A48-7F00-492E-AAE3-FA6469DEA7E7}.Debug|Any CPU.Build.0 = Debug|Any CPU
		{C7579A48-7F00-492E-AAE3-FA6469DEA7E7}.Release|Any CPU.ActiveCfg = Release|Any CPU
		{C7579A48-7F00-492E-AAE3-FA6469DEA7E7}.Release|Any CPU.Build.0 = Release|Any CPU
	EndGlobalSection
	GlobalSection(SolutionProperties) = preSolution
		HideSolutionNode = FALSE
	EndGlobalSection
	GlobalSection(ExtensibilityGlobals) = postSolution
		SolutionGuid = {BE2B91CD-E3CC-4BC2-B4F6-893FF0092BF6}
	EndGlobalSection
EndGlobal
